
Microsoft Visual Studio Solution File, Format Version 12.00
# Visual Studio Version 17
VisualStudioVersion = 17.9.34728.123
MinimumVisualStudioVersion = 10.0.40219.1
Project("{FAE04EC0-301F-11D3-BF4B-00C04F79EFBC}") = "Laboration2_bookstore", "Laboration2_bookstore\Laboration2_bookstore.csproj", "{F30206B7-7307-42D5-B472-85F5CAC99EBA}"
EndProject
Global
	GlobalSection(SolutionConfigurationPlatforms) = preSolution
		Debug|Any CPU = Debug|Any CPU
		Release|Any CPU = Release|Any CPU
	EndGlobalSection
	GlobalSection(ProjectConfigurationPlatforms) = postSolution
		{F30206B7-7307-42D5-B472-85F5CAC99EBA}.Debug|Any CPU.ActiveCfg = Debug|Any CPU
		{F30206B7-7307-42D5-B472-85F5CAC99EBA}.Debug|Any CPU.Build.0 = Debug|Any CPU
		{F30206B7-7307-42D5-B472-85F5CAC99EBA}.Release|Any CPU.ActiveCfg = Release|Any CPU
		{F30206B7-7307-42D5-B472-85F5CAC99EBA}.Release|Any CPU.Build.0 = Release|Any CPU
	EndGlobalSection
	GlobalSection(SolutionProperties) = preSolution
		HideSolutionNode = FALSE
	EndGlobalSection
	GlobalSection(ExtensibilityGlobals) = postSolution
		SolutionGuid = {34FE0382-FD58-4DCA-B9AE-29CAB6C4F639}
	EndGlobalSection
EndGlobal
